# THIS IS AN AUTOGENERATED FILE. DO NOT EDIT THIS FILE DIRECTLY.
# yarn lockfile v1


"@types/ip@^1.1.0":
  version "1.1.0"
  resolved "https://registry.yarnpkg.com/@types/ip/-/ip-1.1.0.tgz#aec4f5bfd49e4a4c53b590d88c36eb078827a7c0"
  integrity sha512-dwNe8gOoF70VdL6WJBwVHtQmAX4RMd62M+mAB9HQFjG1/qiCLM/meRy95Pd14FYBbEDwCq7jgJs89cHpLBu4HQ==
  dependencies:
    "@types/node" "*"

"@types/node@*":
  version "16.11.7"
  resolved "https://registry.yarnpkg.com/@types/node/-/node-16.11.7.tgz#36820945061326978c42a01e56b61cd223dfdc42"
  integrity sha512-QB5D2sqfSjCmTuWcBWyJ+/44bcjO7VbjSbOE0ucoVbAsSNQc4Lt6QkgkVXkTDwkL4z/beecZNDvVX15D4P8Jbw==

ip@^1.1.5:
  version "1.1.5"
  resolved "https://registry.yarnpkg.com/ip/-/ip-1.1.5.tgz#bdded70114290828c0a039e72ef25f5aaec4354a"
  integrity sha1-vd7XARQpCCjAoDnnLvJfWq7ENUo=

nullthrows@^1.1.1:
  version "1.1.1"
  resolved "https://registry.yarnpkg.com/nullthrows/-/nullthrows-1.1.1.tgz#7818258843856ae971eae4208ad7d7eb19a431b1"
  integrity sha512-2vPPEi+Z7WqML2jZYddDIfy5Dqb0r2fze2zTxNNknZaFpVHU3mFB3R+DWeJWGVx0ecvttSGlJTI+WG+8Z4cDWw==

typescript@^4.6.0-dev.20211110:
  version "4.6.0-dev.20211110"
  resolved "https://registry.yarnpkg.com/typescript/-/typescript-4.6.0-dev.20211110.tgz#94ef9bfc43515cd3847525bcc8f3e71bc3aa6cf6"
  integrity sha512-XiKtpBYgeBT6aqt0PNRkrge5h5jqzh5dUllcD8/nimf/rAo+F8McXvWdnjs9no9gCLYNZ/VfiO5jElcwl42EiQ==
